
Microsoft Visual Studio Solution File, Format Version 12.00
# Visual Studio Version 16
VisualStudioVersion = 16.0.31005.135
MinimumVisualStudioVersion = 10.0.40219.1
Project("{FAE04EC0-301F-11D3-BF4B-00C04F79EFBC}") = "MusicPlayer", "MusicPlayer.csproj", "{320A960A-497E-4043-80B3-57D3C62C2F46}"
EndProject
Global
	GlobalSection(SolutionConfigurationPlatforms) = preSolution
		Debug|Any CPU = Debug|Any CPU
		Release|Any CPU = Release|Any CPU
	EndGlobalSection
	GlobalSection(ProjectConfigurationPlatforms) = postSolution
		{320A960A-497E-4043-80B3-57D3C62C2F46}.Debug|Any CPU.ActiveCfg = Debug|Any CPU
		{320A960A-497E-4043-80B3-57D3C62C2F46}.Debug|Any CPU.Build.0 = Debug|Any CPU
		{320A960A-497E-4043-80B3-57D3C62C2F46}.Release|Any CPU.ActiveCfg = Release|Any CPU
		{320A960A-497E-4043-80B3-57D3C62C2F46}.Release|Any CPU.Build.0 = Release|Any CPU
	EndGlobalSection
	GlobalSection(SolutionProperties) = preSolution
		HideSolutionNode = FALSE
	EndGlobalSection
	GlobalSection(ExtensibilityGlobals) = postSolution
		SolutionGuid = {4ADDFEC9-7580-404F-8254-152FECDBD575}
	EndGlobalSection
EndGlobal
